
Microsoft Visual Studio Solution File, Format Version 12.00
# Visual Studio Version 17
VisualStudioVersion = 17.5.002.0
MinimumVisualStudioVersion = 10.0.40219.1
Project("{2150E333-8FDC-42A3-9474-1A3956D46DE8}") = "GuidedProject", "GuidedProject", "{DEDF5902-EEE3-4D06-BD20-9C6F6D90881F}"
EndProject
Project("{9A19103F-16F7-4668-BE54-9A1E7A4F7556}") = "Final", "GuidedProject\Final\Final.csproj", "{9B4AA46F-EA90-4CD3-B958-94B24D0922DB}"
EndProject
Project("{9A19103F-16F7-4668-BE54-9A1E7A4F7556}") = "Starter", "GuidedProject\Starter\Starter.csproj", "{51DFC760-2D91-4A7B-AD60-8ABD6742666C}"
EndProject
Global
	GlobalSection(SolutionConfigurationPlatforms) = preSolution
		Debug|Any CPU = Debug|Any CPU
		Release|Any CPU = Release|Any CPU
	EndGlobalSection
	GlobalSection(ProjectConfigurationPlatforms) = postSolution
		{9B4AA46F-EA90-4CD3-B958-94B24D0922DB}.Debug|Any CPU.ActiveCfg = Debug|Any CPU
		{9B4AA46F-EA90-4CD3-B958-94B24D0922DB}.Debug|Any CPU.Build.0 = Debug|Any CPU
		{9B4AA46F-EA90-4CD3-B958-94B24D0922DB}.Release|Any CPU.ActiveCfg = Release|Any CPU
		{9B4AA46F-EA90-4CD3-B958-94B24D0922DB}.Release|Any CPU.Build.0 = Release|Any CPU
		{51DFC760-2D91-4A7B-AD60-8ABD6742666C}.Debug|Any CPU.ActiveCfg = Debug|Any CPU
		{51DFC760-2D91-4A7B-AD60-8ABD6742666C}.Debug|Any CPU.Build.0 = Debug|Any CPU
		{51DFC760-2D91-4A7B-AD60-8ABD6742666C}.Release|Any CPU.ActiveCfg = Release|Any CPU
		{51DFC760-2D91-4A7B-AD60-8ABD6742666C}.Release|Any CPU.Build.0 = Release|Any CPU
	EndGlobalSection
	GlobalSection(SolutionProperties) = preSolution
		HideSolutionNode = FALSE
	EndGlobalSection
	GlobalSection(NestedProjects) = preSolution
		{9B4AA46F-EA90-4CD3-B958-94B24D0922DB} = {DEDF5902-EEE3-4D06-BD20-9C6F6D90881F}
		{51DFC760-2D91-4A7B-AD60-8ABD6742666C} = {DEDF5902-EEE3-4D06-BD20-9C6F6D90881F}
	EndGlobalSection
	GlobalSection(ExtensibilityGlobals) = postSolution
		SolutionGuid = {87983782-3EC8-47A5-B909-FE01B4BD1DF8}
	EndGlobalSection
EndGlobal
